
Microsoft Visual Studio Solution File, Format Version 12.00
# Visual Studio Version 16
VisualStudioVersion = 16.0.29009.5
MinimumVisualStudioVersion = 10.0.40219.1
Project("{9A19103F-16F7-4668-BE54-9A1E7A4F7556}") = "Nhea.Data.Repository.MongoDbRepository", "Nhea.Data.Repository.MongoDbRepository\Nhea.Data.Repository.MongoDbRepository.csproj", "{5FC49573-1905-47A1-8483-76B058C173E7}"
EndProject
Project("{2150E333-8FDC-42A3-9474-1A3956D46DE8}") = "Solution Items", "Solution Items", "{33FDDD33-8D26-417A-882C-D8B9FD0F749E}"
	ProjectSection(SolutionItems) = preProject
		azure-pipelines.yml = azure-pipelines.yml
		README.md = README.md
	EndProjectSection
EndProject
Project("{FAE04EC0-301F-11D3-BF4B-00C04F79EFBC}") = "TestProject", "TestProject\TestProject.csproj", "{2A5F9A25-0761-490D-A8E2-441C90464A1A}"
EndProject
Global
	GlobalSection(SolutionConfigurationPlatforms) = preSolution
		Debug|Any CPU = Debug|Any CPU
		Release|Any CPU = Release|Any CPU
	EndGlobalSection
	GlobalSection(ProjectConfigurationPlatforms) = postSolution
		{5FC49573-1905-47A1-8483-76B058C173E7}.Debug|Any CPU.ActiveCfg = Debug|Any CPU
		{5FC49573-1905-47A1-8483-76B058C173E7}.Debug|Any CPU.Build.0 = Debug|Any CPU
		{5FC49573-1905-47A1-8483-76B058C173E7}.Release|Any CPU.ActiveCfg = Release|Any CPU
		{5FC49573-1905-47A1-8483-76B058C173E7}.Release|Any CPU.Build.0 = Release|Any CPU
		{2A5F9A25-0761-490D-A8E2-441C90464A1A}.Debug|Any CPU.ActiveCfg = Debug|Any CPU
		{2A5F9A25-0761-490D-A8E2-441C90464A1A}.Debug|Any CPU.Build.0 = Debug|Any CPU
		{2A5F9A25-0761-490D-A8E2-441C90464A1A}.Release|Any CPU.ActiveCfg = Release|Any CPU
		{2A5F9A25-0761-490D-A8E2-441C90464A1A}.Release|Any CPU.Build.0 = Release|Any CPU
	EndGlobalSection
	GlobalSection(SolutionProperties) = preSolution
		HideSolutionNode = FALSE
	EndGlobalSection
	GlobalSection(ExtensibilityGlobals) = postSolution
		SolutionGuid = {8F1E9ECD-83AD-4600-8D4C-3D8F98BC847A}
	EndGlobalSection
EndGlobal
